# This file is automatically @generated by Cargo.
# It is not intended for manual editing.
version = 3

[[package]]
name = "cmd"
version = "0.1.0"

[[package]]
name = "common"
version = "0.1.0"

[[package]]
name = "frontend"
version = "0.1.0"

[[package]]
name = "meta"
version = "0.1.0"

[[package]]
name = "query"
version = "0.1.0"

[[package]]
name = "storage"
version = "0.1.0"

[[package]]
name = "table"
version = "0.1.0"
